
Microsoft Visual Studio Solution File, Format Version 12.00
# Visual Studio Version 16
VisualStudioVersion = 16.0.31424.327
MinimumVisualStudioVersion = 10.0.40219.1
Project("{FAE04EC0-301F-11D3-BF4B-00C04F79EFBC}") = "PeopleAlive", "PeopleAlive.csproj", "{865E5DA4-8802-4E01-A51D-F9CE672A66C9}"
EndProject
Global
	GlobalSection(SolutionConfigurationPlatforms) = preSolution
		Debug|Any CPU = Debug|Any CPU
		Release|Any CPU = Release|Any CPU
	EndGlobalSection
	GlobalSection(ProjectConfigurationPlatforms) = postSolution
		{865E5DA4-8802-4E01-A51D-F9CE672A66C9}.Debug|Any CPU.ActiveCfg = Debug|Any CPU
		{865E5DA4-8802-4E01-A51D-F9CE672A66C9}.Debug|Any CPU.Build.0 = Debug|Any CPU
		{865E5DA4-8802-4E01-A51D-F9CE672A66C9}.Release|Any CPU.ActiveCfg = Release|Any CPU
		{865E5DA4-8802-4E01-A51D-F9CE672A66C9}.Release|Any CPU.Build.0 = Release|Any CPU
	EndGlobalSection
	GlobalSection(SolutionProperties) = preSolution
		HideSolutionNode = FALSE
	EndGlobalSection
	GlobalSection(ExtensibilityGlobals) = postSolution
		SolutionGuid = {0E9761D2-CC3C-4939-9676-7D942418BB61}
	EndGlobalSection
EndGlobal
